
Microsoft Visual Studio Solution File, Format Version 12.00
# Visual Studio 15
VisualStudioVersion = 15.0.27703.2042
MinimumVisualStudioVersion = 10.0.40219.1
Project("{FAE04EC0-301F-11D3-BF4B-00C04F79EFBC}") = "MessageSchemas", "MessageSchemas\MessageSchemas.csproj", "{1DA9F425-809D-4CC3-9DC1-E9B921B7FE58}"
EndProject
Project("{FAE04EC0-301F-11D3-BF4B-00C04F79EFBC}") = "MessageSchemasTest", "MessageSchemasTest\MessageSchemasTest.csproj", "{43385CBF-86E3-40F2-9ED8-EC23A37683D1}"
EndProject
Global
	GlobalSection(SolutionConfigurationPlatforms) = preSolution
		Debug|Any CPU = Debug|Any CPU
		Release|Any CPU = Release|Any CPU
	EndGlobalSection
	GlobalSection(ProjectConfigurationPlatforms) = postSolution
		{1DA9F425-809D-4CC3-9DC1-E9B921B7FE58}.Debug|Any CPU.ActiveCfg = Debug|Any CPU
		{1DA9F425-809D-4CC3-9DC1-E9B921B7FE58}.Debug|Any CPU.Build.0 = Debug|Any CPU
		{1DA9F425-809D-4CC3-9DC1-E9B921B7FE58}.Release|Any CPU.ActiveCfg = Release|Any CPU
		{1DA9F425-809D-4CC3-9DC1-E9B921B7FE58}.Release|Any CPU.Build.0 = Release|Any CPU
		{43385CBF-86E3-40F2-9ED8-EC23A37683D1}.Debug|Any CPU.ActiveCfg = Debug|Any CPU
		{43385CBF-86E3-40F2-9ED8-EC23A37683D1}.Debug|Any CPU.Build.0 = Debug|Any CPU
		{43385CBF-86E3-40F2-9ED8-EC23A37683D1}.Release|Any CPU.ActiveCfg = Release|Any CPU
		{43385CBF-86E3-40F2-9ED8-EC23A37683D1}.Release|Any CPU.Build.0 = Release|Any CPU
	EndGlobalSection
	GlobalSection(SolutionProperties) = preSolution
		HideSolutionNode = FALSE
	EndGlobalSection
	GlobalSection(ExtensibilityGlobals) = postSolution
		SolutionGuid = {C898AD6B-C320-48F0-8FF4-5AA05E687814}
	EndGlobalSection
EndGlobal
